
Microsoft Visual Studio Solution File, Format Version 12.00
# Visual Studio Version 16
VisualStudioVersion = 16.0.28729.10
MinimumVisualStudioVersion = 10.0.40219.1
Project("{FAE04EC0-301F-11D3-BF4B-00C04F79EFBC}") = "Maintenance Units", "Maintenance Units\Maintenance Units.csproj", "{263EC239-25E7-4526-ADA6-0E2982FE6632}"
EndProject
Project("{2150E333-8FDC-42A3-9474-1A3956D46DE8}") = "DAL", "DAL", "{7565D0DF-0D55-4FC1-9A13-6468C6D7FD45}"
EndProject
Global
	GlobalSection(SolutionConfigurationPlatforms) = preSolution
		Debug|Any CPU = Debug|Any CPU
		Release|Any CPU = Release|Any CPU
	EndGlobalSection
	GlobalSection(ProjectConfigurationPlatforms) = postSolution
		{263EC239-25E7-4526-ADA6-0E2982FE6632}.Debug|Any CPU.ActiveCfg = Debug|Any CPU
		{263EC239-25E7-4526-ADA6-0E2982FE6632}.Debug|Any CPU.Build.0 = Debug|Any CPU
		{263EC239-25E7-4526-ADA6-0E2982FE6632}.Release|Any CPU.ActiveCfg = Release|Any CPU
		{263EC239-25E7-4526-ADA6-0E2982FE6632}.Release|Any CPU.Build.0 = Release|Any CPU
	EndGlobalSection
	GlobalSection(SolutionProperties) = preSolution
		HideSolutionNode = FALSE
	EndGlobalSection
	GlobalSection(ExtensibilityGlobals) = postSolution
		SolutionGuid = {86AE3831-4CC1-4DB2-8278-BA049EFD3A92}
	EndGlobalSection
EndGlobal
